
Microsoft Visual Studio Solution File, Format Version 12.00
# Visual Studio Version 17
VisualStudioVersion = 17.7.34024.191
MinimumVisualStudioVersion = 10.0.40219.1
Project("{8BC9CEB8-8B4A-11D0-8D11-00A0C91BC942}") = "PAT_Parcial_Reposicion", "PAT_Parcial_Reposicion\PAT_Parcial_Reposicion.vcxproj", "{6730551F-5320-4387-8D8D-11851D72EDED}"
EndProject
Project("{8BC9CEB8-8B4A-11D0-8D11-00A0C91BC942}") = "PAT_Tests_Parcial_Reposicion", "PAT_Tests_Parcial_Reposicion\PAT_Tests_Parcial_Reposicion.vcxproj", "{0E63220E-4598-4159-B87E-432F00C6221F}"
EndProject
Global
	GlobalSection(SolutionConfigurationPlatforms) = preSolution
		Debug|ARM64 = Debug|ARM64
		Debug|x64 = Debug|x64
		Debug|x86 = Debug|x86
		Release|ARM64 = Release|ARM64
		Release|x64 = Release|x64
		Release|x86 = Release|x86
	EndGlobalSection
	GlobalSection(ProjectConfigurationPlatforms) = postSolution
		{6730551F-5320-4387-8D8D-11851D72EDED}.Debug|ARM64.ActiveCfg = Debug|ARM64
		{6730551F-5320-4387-8D8D-11851D72EDED}.Debug|ARM64.Build.0 = Debug|ARM64
		{6730551F-5320-4387-8D8D-11851D72EDED}.Debug|x64.ActiveCfg = Debug|x64
		{6730551F-5320-4387-8D8D-11851D72EDED}.Debug|x64.Build.0 = Debug|x64
		{6730551F-5320-4387-8D8D-11851D72EDED}.Debug|x86.ActiveCfg = Debug|Win32
		{6730551F-5320-4387-8D8D-11851D72EDED}.Debug|x86.Build.0 = Debug|Win32
		{6730551F-5320-4387-8D8D-11851D72EDED}.Release|ARM64.ActiveCfg = Release|ARM64
		{6730551F-5320-4387-8D8D-11851D72EDED}.Release|ARM64.Build.0 = Release|ARM64
		{6730551F-5320-4387-8D8D-11851D72EDED}.Release|x64.ActiveCfg = Release|x64
		{6730551F-5320-4387-8D8D-11851D72EDED}.Release|x64.Build.0 = Release|x64
		{6730551F-5320-4387-8D8D-11851D72EDED}.Release|x86.ActiveCfg = Release|Win32
		{6730551F-5320-4387-8D8D-11851D72EDED}.Release|x86.Build.0 = Release|Win32
		{0E63220E-4598-4159-B87E-432F00C6221F}.Debug|ARM64.ActiveCfg = Debug|ARM64
		{0E63220E-4598-4159-B87E-432F00C6221F}.Debug|ARM64.Build.0 = Debug|ARM64
		{0E63220E-4598-4159-B87E-432F00C6221F}.Debug|x64.ActiveCfg = Debug|x64
		{0E63220E-4598-4159-B87E-432F00C6221F}.Debug|x64.Build.0 = Debug|x64
		{0E63220E-4598-4159-B87E-432F00C6221F}.Debug|x86.ActiveCfg = Debug|Win32
		{0E63220E-4598-4159-B87E-432F00C6221F}.Debug|x86.Build.0 = Debug|Win32
		{0E63220E-4598-4159-B87E-432F00C6221F}.Release|ARM64.ActiveCfg = Release|ARM64
		{0E63220E-4598-4159-B87E-432F00C6221F}.Release|ARM64.Build.0 = Release|ARM64
		{0E63220E-4598-4159-B87E-432F00C6221F}.Release|x64.ActiveCfg = Release|x64
		{0E63220E-4598-4159-B87E-432F00C6221F}.Release|x64.Build.0 = Release|x64
		{0E63220E-4598-4159-B87E-432F00C6221F}.Release|x86.ActiveCfg = Release|Win32
		{0E63220E-4598-4159-B87E-432F00C6221F}.Release|x86.Build.0 = Release|Win32
	EndGlobalSection
	GlobalSection(SolutionProperties) = preSolution
		HideSolutionNode = FALSE
	EndGlobalSection
	GlobalSection(ExtensibilityGlobals) = postSolution
		SolutionGuid = {927D8AF2-9627-4650-8128-AA825E624068}
	EndGlobalSection
EndGlobal
